
Microsoft Visual Studio Solution File, Format Version 12.00
# Visual Studio Version 17
VisualStudioVersion = 17.0.31903.59
MinimumVisualStudioVersion = 10.0.40219.1
Project("{FAE04EC0-301F-11D3-BF4B-00C04F79EFBC}") = "BlazorStateManagement-Web", "BlazorStateManagement-Web\BlazorStateManagement-Web.csproj", "{EC0042FF-5348-4014-A900-EDC4A222EFAC}"
EndProject
Global
	GlobalSection(SolutionConfigurationPlatforms) = preSolution
		Debug|Any CPU = Debug|Any CPU
		Release|Any CPU = Release|Any CPU
	EndGlobalSection
	GlobalSection(SolutionProperties) = preSolution
		HideSolutionNode = FALSE
	EndGlobalSection
	GlobalSection(ProjectConfigurationPlatforms) = postSolution
		{EC0042FF-5348-4014-A900-EDC4A222EFAC}.Debug|Any CPU.ActiveCfg = Debug|Any CPU
		{EC0042FF-5348-4014-A900-EDC4A222EFAC}.Debug|Any CPU.Build.0 = Debug|Any CPU
		{EC0042FF-5348-4014-A900-EDC4A222EFAC}.Release|Any CPU.ActiveCfg = Release|Any CPU
		{EC0042FF-5348-4014-A900-EDC4A222EFAC}.Release|Any CPU.Build.0 = Release|Any CPU
	EndGlobalSection
EndGlobal
